
Microsoft Visual Studio Solution File, Format Version 12.00
# Visual Studio Version 17
VisualStudioVersion = 17.11.35312.102
MinimumVisualStudioVersion = 10.0.40219.1
Project("{FAE04EC0-301F-11D3-BF4B-00C04F79EFBC}") = "ASM_C#5", "ASM_C#5\ASM_C#5.csproj", "{1E7E10CC-B288-4B63-B92C-76767404E693}"
EndProject
Global
	GlobalSection(SolutionConfigurationPlatforms) = preSolution
		Debug|Any CPU = Debug|Any CPU
		Release|Any CPU = Release|Any CPU
	EndGlobalSection
	GlobalSection(ProjectConfigurationPlatforms) = postSolution
		{1E7E10CC-B288-4B63-B92C-76767404E693}.Debug|Any CPU.ActiveCfg = Debug|Any CPU
		{1E7E10CC-B288-4B63-B92C-76767404E693}.Debug|Any CPU.Build.0 = Debug|Any CPU
		{1E7E10CC-B288-4B63-B92C-76767404E693}.Release|Any CPU.ActiveCfg = Release|Any CPU
		{1E7E10CC-B288-4B63-B92C-76767404E693}.Release|Any CPU.Build.0 = Release|Any CPU
	EndGlobalSection
	GlobalSection(SolutionProperties) = preSolution
		HideSolutionNode = FALSE
	EndGlobalSection
	GlobalSection(ExtensibilityGlobals) = postSolution
		SolutionGuid = {F47228DC-243B-460E-9A27-5EEFD90D43C5}
	EndGlobalSection
EndGlobal
